<?xml version="1.0" encoding="utf-8"?>
<Project ToolsVersion="4.0" xmlns="http://schemas.microsoft.com/developer/msbuild/2003">
  <ItemGroup>
    <Filter Include="Source Files">
      <UniqueIdentifier>{4FC737F1-C7A5-4376-A066-2A32D752A2FF}</UniqueIdentifier>
      <Extensions>cpp;c;cc;cxx;def;odl;idl;hpj;bat;asm;asmx</Extensions>
    </Filter>
    <Filter Include="Header Files">
      <UniqueIdentifier>{93995380-89BD-4b04-88EB-625FBE52EBFB}</UniqueIdentifier>
      <Extensions>h;hh;hpp;hxx;hm;inl;inc;xsd</Extensions>
    </Filter>
    <Filter Include="Resource Files">
      <UniqueIdentifier>{67DA6AB6-F800-4c08-8B7A-83BB121AAD01}</UniqueIdentifier>
      <Extensions>rc;ico;cur;bmp;dlg;rc2;rct;bin;rgs;gif;jpg;jpeg;jpe;resx;tiff;tif;png;wav;mfcribbon-ms</Extensions>
    </Filter>
  </ItemGroup>
  <ItemGroup>
    <Text Include="ReadMe.txt" />
  </ItemGroup>
  <ItemGroup>
    <ClInclude Include="6DOFPCM.h">
      <Filter>Header Files</Filter>
    </ClInclude>
    <ClInclude Include="stdafx.h">
      <Filter>Header Files</Filter>
    </ClInclude>
    <ClInclude Include="targetver.h">
      <Filter>Header Files</Filter>
    </ClInclude>
    <ClInclude Include="MainFrm.h">
      <Filter>Header Files</Filter>
    </ClInclude>
    <ClInclude Include="6DOFPCMDoc.h">
      <Filter>Header Files</Filter>
    </ClInclude>
    <ClInclude Include="6DOFPCMView.h">
      <Filter>Header Files</Filter>
    </ClInclude>
    <ClInclude Include="Resource.h">
      <Filter>Header Files</Filter>
    </ClInclude>
    <ClInclude Include="FileView.h">
      <Filter>Header Files</Filter>
    </ClInclude>
    <ClInclude Include="ClassView.h">
      <Filter>Header Files</Filter>
    </ClInclude>
    <ClInclude Include="ViewTree.h">
      <Filter>Header Files</Filter>
    </ClInclude>
    <ClInclude Include="OutputWnd.h">
      <Filter>Header Files</Filter>
    </ClInclude>
    <ClInclude Include="PropertiesWnd.h">
      <Filter>Header Files</Filter>
    </ClInclude>
    <ClInclude Include="EposPCmd_Comm.h">
      <Filter>Header Files</Filter>
    </ClInclude>
    <ClInclude Include="EposPCmd_Drive.h">
      <Filter>Header Files</Filter>
    </ClInclude>
    <ClInclude Include="EposPCmd_Plc.h">
      <Filter>Header Files</Filter>
    </ClInclude>
    <ClInclude Include="CGdiPlusBitmap.h">
      <Filter>Header Files</Filter>
    </ClInclude>
    <ClInclude Include="GdipButton.h">
      <Filter>Header Files</Filter>
    </ClInclude>
    <ClInclude Include="MemDC.h">
      <Filter>Header Files</Filter>
    </ClInclude>
    <ClInclude Include="LA01Dlg.h">
      <Filter>Header Files</Filter>
    </ClInclude>
    <ClInclude Include="EET03Dlg.h">
      <Filter>Header Files</Filter>
    </ClInclude>
    <ClInclude Include="EET02Dlg.h">
      <Filter>Header Files</Filter>
    </ClInclude>
    <ClInclude Include="ScheduleDlg.h">
      <Filter>Header Files</Filter>
    </ClInclude>
    <ClInclude Include="LoginDlg.h">
      <Filter>Header Files</Filter>
    </ClInclude>
    <ClInclude Include="RegistrationDlg.h">
      <Filter>Header Files</Filter>
    </ClInclude>
  </ItemGroup>
  <ItemGroup>
    <ClCompile Include="6DOFPCM.cpp">
      <Filter>Source Files</Filter>
    </ClCompile>
    <ClCompile Include="stdafx.cpp">
      <Filter>Source Files</Filter>
    </ClCompile>
    <ClCompile Include="MainFrm.cpp">
      <Filter>Source Files</Filter>
    </ClCompile>
    <ClCompile Include="6DOFPCMDoc.cpp">
      <Filter>Source Files</Filter>
    </ClCompile>
    <ClCompile Include="6DOFPCMView.cpp">
      <Filter>Source Files</Filter>
    </ClCompile>
    <ClCompile Include="FileView.cpp">
      <Filter>Source Files</Filter>
    </ClCompile>
    <ClCompile Include="ClassView.cpp">
      <Filter>Source Files</Filter>
    </ClCompile>
    <ClCompile Include="ViewTree.cpp">
      <Filter>Source Files</Filter>
    </ClCompile>
    <ClCompile Include="OutputWnd.cpp">
      <Filter>Source Files</Filter>
    </ClCompile>
    <ClCompile Include="PropertiesWnd.cpp">
      <Filter>Source Files</Filter>
    </ClCompile>
    <ClCompile Include="GdipButton.cpp">
      <Filter>Source Files</Filter>
    </ClCompile>
    <ClCompile Include="LA01Dlg.cpp">
      <Filter>Source Files</Filter>
    </ClCompile>
    <ClCompile Include="EET03Dlg.cpp">
      <Filter>Source Files</Filter>
    </ClCompile>
    <ClCompile Include="EET02Dlg.cpp">
      <Filter>Source Files</Filter>
    </ClCompile>
    <ClCompile Include="ScheduleDlg.cpp">
      <Filter>Source Files</Filter>
    </ClCompile>
    <ClCompile Include="LoginDlg.cpp">
      <Filter>Source Files</Filter>
    </ClCompile>
    <ClCompile Include="RegistrationDlg.cpp">
      <Filter>Source Files</Filter>
    </ClCompile>
  </ItemGroup>
  <ItemGroup>
    <None Include="6DOFPCM.reg" />
    <None Include="res\6DOFPCM.rc2">
      <Filter>Resource Files</Filter>
    </None>
  </ItemGroup>
  <ItemGroup>
    <ResourceCompile Include="6DOFPCM.rc">
      <Filter>Resource Files</Filter>
    </ResourceCompile>
  </ItemGroup>
  <ItemGroup>
    <Image Include="res\file_view.ico">
      <Filter>Resource Files</Filter>
    </Image>
    <Image Include="res\file_view_hc.ico">
      <Filter>Resource Files</Filter>
    </Image>
    <Image Include="res\class_view.ico">
      <Filter>Resource Files</Filter>
    </Image>
    <Image Include="res\class_view_hc.ico">
      <Filter>Resource Files</Filter>
    </Image>
    <Image Include="res\fileview.bmp">
      <Filter>Resource Files</Filter>
    </Image>
    <Image Include="res\fileview_hc.bmp">
      <Filter>Resource Files</Filter>
    </Image>
    <Image Include="res\classview.bmp">
      <Filter>Resource Files</Filter>
    </Image>
    <Image Include="res\classview_hc.bmp">
      <Filter>Resource Files</Filter>
    </Image>
    <Image Include="res\explorer.bmp">
      <Filter>Resource Files</Filter>
    </Image>
    <Image Include="res\explorer_hc.bmp">
      <Filter>Resource Files</Filter>
    </Image>
    <Image Include="res\sort.bmp">
      <Filter>Resource Files</Filter>
    </Image>
    <Image Include="res\sort_hc.bmp">
      <Filter>Resource Files</Filter>
    </Image>
    <Image Include="res\menuimages.bmp">
      <Filter>Resource Files</Filter>
    </Image>
    <Image Include="res\menuimages_hc.bmp">
      <Filter>Resource Files</Filter>
    </Image>
    <Image Include="res\output_wnd.ico">
      <Filter>Resource Files</Filter>
    </Image>
    <Image Include="res\output_wnd_hc.ico">
      <Filter>Resource Files</Filter>
    </Image>
    <Image Include="res\properties_wnd.ico">
      <Filter>Resource Files</Filter>
    </Image>
    <Image Include="res\properties_wnd_hc.ico">
      <Filter>Resource Files</Filter>
    </Image>
    <Image Include="res\properties.bmp">
      <Filter>Resource Files</Filter>
    </Image>
    <Image Include="res\properties_hc.bmp">
      <Filter>Resource Files</Filter>
    </Image>
    <Image Include="UserImages.bmp">
      <Filter>Resource Files</Filter>
    </Image>
    <Image Include="res\6DOFPCMDoc.ico">
      <Filter>Resource Files</Filter>
    </Image>
    <Image Include="res\6DOFPCM.ico">
      <Filter>Resource Files</Filter>
    </Image>
    <Image Include="res\Toolbar.bmp">
      <Filter>Resource Files</Filter>
    </Image>
    <Image Include="res\Toolbar256.bmp">
      <Filter>Resource Files</Filter>
    </Image>
    <Image Include="res\ICCC Logo mini.bmp">
      <Filter>Resource Files</Filter>
    </Image>
    <Image Include="res\PAEC monogram mini.bmp">
      <Filter>Resource Files</Filter>
    </Image>
    <Image Include="res\DefuelingCore.bmp">
      <Filter>Resource Files</Filter>
    </Image>
    <Image Include="res\png1.png">
      <Filter>Resource Files</Filter>
    </Image>
    <Image Include="res\BrakeHold.png">
      <Filter>Resource Files</Filter>
    </Image>
    <Image Include="res\BrakeRelease.png">
      <Filter>Resource Files</Filter>
    </Image>
    <Image Include="res\CloseComm.png">
      <Filter>Resource Files</Filter>
    </Image>
    <Image Include="res\Comm.png">
      <Filter>Resource Files</Filter>
    </Image>
    <Image Include="res\Reset.png">
      <Filter>Resource Files</Filter>
    </Image>
    <Image Include="res\LoadSchedule.png">
      <Filter>Resource Files</Filter>
    </Image>
    <Image Include="res\HomePM.png">
      <Filter>Resource Files</Filter>
    </Image>
    <Image Include="res\ParkPM.png">
      <Filter>Resource Files</Filter>
    </Image>
    <Image Include="res\close.png">
      <Filter>Resource Files</Filter>
    </Image>
    <Image Include="res\movePM.png">
      <Filter>Resource Files</Filter>
    </Image>
    <Image Include="res\startmoving.png">
      <Filter>Resource Files</Filter>
    </Image>
    <Image Include="res\LA_Down.png">
      <Filter>Resource Files</Filter>
    </Image>
    <Image Include="res\Down.png">
      <Filter>Resource Files</Filter>
    </Image>
    <Image Include="res\LA1_upward.png">
      <Filter>Resource Files</Filter>
    </Image>
    <Image Include="res\Up.png">
      <Filter>Resource Files</Filter>
    </Image>
    <Image Include="res\UpdateFuelLocations.png">
      <Filter>Resource Files</Filter>
    </Image>
    <Image Include="res\ResetFuel Locations.png">
      <Filter>Resource Files</Filter>
    </Image>
    <Image Include="res\move Left.png">
      <Filter>Resource Files</Filter>
    </Image>
    <Image Include="res\move Right.png">
      <Filter>Resource Files</Filter>
    </Image>
    <Image Include="res\move Up.png">
      <Filter>Resource Files</Filter>
    </Image>
    <Image Include="res\move Down.png">
      <Filter>Resource Files</Filter>
    </Image>
    <Image Include="res\Next.png">
      <Filter>Resource Files</Filter>
    </Image>
    <Image Include="res\SignOut.png">
      <Filter>Resource Files</Filter>
    </Image>
    <Image Include="res\step-1.png">
      <Filter>Resource Files</Filter>
    </Image>
    <Image Include="res\step-2.png">
      <Filter>Resource Files</Filter>
    </Image>
    <Image Include="res\step-3.png">
      <Filter>Resource Files</Filter>
    </Image>
    <Image Include="res\step-4.png">
      <Filter>Resource Files</Filter>
    </Image>
    <Image Include="res\step-5.png">
      <Filter>Resource Files</Filter>
    </Image>
    <Image Include="res\step-6.png">
      <Filter>Resource Files</Filter>
    </Image>
    <Image Include="res\left-Arrow.png">
      <Filter>Resource Files</Filter>
    </Image>
    <Image Include="res\right-Arrow.png">
      <Filter>Resource Files</Filter>
    </Image>
    <Image Include="res\down-Arrow.png">
      <Filter>Resource Files</Filter>
    </Image>
    <Image Include="res\Up-Arrow.png">
      <Filter>Resource Files</Filter>
    </Image>
    <Image Include="res\step 1.png">
      <Filter>Resource Files</Filter>
    </Image>
    <Image Include="res\step 2.png">
      <Filter>Resource Files</Filter>
    </Image>
    <Image Include="res\step 3.png">
      <Filter>Resource Files</Filter>
    </Image>
    <Image Include="res\step 4.png">
      <Filter>Resource Files</Filter>
    </Image>
    <Image Include="res\step 5.png">
      <Filter>Resource Files</Filter>
    </Image>
    <Image Include="res\laststep.png">
      <Filter>Resource Files</Filter>
    </Image>
    <Image Include="res\complete.png">
      <Filter>Resource Files</Filter>
    </Image>
    <Image Include="res\bitmap1.bmp">
      <Filter>Resource Files</Filter>
    </Image>
    <Image Include="res\BkGnd.bmp">
      <Filter>Resource Files</Filter>
    </Image>
    <Image Include="res\DlgBkgd.bmp">
      <Filter>Resource Files</Filter>
    </Image>
    <Image Include="res\Logo.bmp">
      <Filter>Resource Files</Filter>
    </Image>
    <Image Include="res\monogram.bmp">
      <Filter>Resource Files</Filter>
    </Image>
    <Image Include="res\NutsLoc.bmp">
      <Filter>Resource Files</Filter>
    </Image>
  </ItemGroup>
</Project>